
Microsoft Visual Studio Solution File, Format Version 12.00
# Visual Studio Version 17
VisualStudioVersion = 17.14.37027.9 d17.14
MinimumVisualStudioVersion = 10.0.40219.1
Project("{FAE04EC0-301F-11D3-BF4B-00C04F79EFBC}") = "Lab02_QuanLyMangSoNguyen", "Lab02_QuanLyMangSoNguyen.csproj", "{15739A33-18AC-4E18-A024-EBD199256A11}"
EndProject
Global
	GlobalSection(SolutionConfigurationPlatforms) = preSolution
		Debug|Any CPU = Debug|Any CPU
		Release|Any CPU = Release|Any CPU
	EndGlobalSection
	GlobalSection(ProjectConfigurationPlatforms) = postSolution
		{15739A33-18AC-4E18-A024-EBD199256A11}.Debug|Any CPU.ActiveCfg = Debug|Any CPU
		{15739A33-18AC-4E18-A024-EBD199256A11}.Debug|Any CPU.Build.0 = Debug|Any CPU
		{15739A33-18AC-4E18-A024-EBD199256A11}.Release|Any CPU.ActiveCfg = Release|Any CPU
		{15739A33-18AC-4E18-A024-EBD199256A11}.Release|Any CPU.Build.0 = Release|Any CPU
	EndGlobalSection
	GlobalSection(SolutionProperties) = preSolution
		HideSolutionNode = FALSE
	EndGlobalSection
	GlobalSection(ExtensibilityGlobals) = postSolution
		SolutionGuid = {99D56F5D-BDB3-4B4C-8DB8-178101E9DAC3}
	EndGlobalSection
EndGlobal
